<?xml version="1.0" encoding="utf-8"?>
<Project ToolsVersion="4.0" xmlns="http://schemas.microsoft.com/developer/msbuild/2003">
  <ItemGroup>
    <Filter Include="Resource Files">
      <UniqueIdentifier>{67DA6AB6-F800-4c08-8B7A-83BB121AAD01}</UniqueIdentifier>
      <Extensions>rc;ico;cur;bmp;dlg;rc2;rct;bin;rgs;gif;jpg;jpeg;jpe;resx;tiff;tif;png;wav;mfcribbon-ms</Extensions>
    </Filter>
    <Filter Include="Source">
      <UniqueIdentifier>{c4a3a6cc-9a51-427b-b512-e48c6af14cf0}</UniqueIdentifier>
    </Filter>
    <Filter Include="Header">
      <UniqueIdentifier>{7d5ff7b0-9ec0-47a6-a245-5fda4202d042}</UniqueIdentifier>
    </Filter>
    <Filter Include="Consoles">
      <UniqueIdentifier>{2724b3d5-b6c3-417f-a1eb-f07106ec9596}</UniqueIdentifier>
    </Filter>
    <Filter Include="System">
      <UniqueIdentifier>{a884e83f-8027-44c5-93cb-9da96fd68dd0}</UniqueIdentifier>
    </Filter>
    <Filter Include="Utilities">
      <UniqueIdentifier>{2b51a297-a5e7-4c70-8328-3a60b31f36b3}</UniqueIdentifier>
    </Filter>
    <Filter Include="Consoles\Header">
      <UniqueIdentifier>{e30f0414-8436-4550-bb6c-02f3221e2823}</UniqueIdentifier>
    </Filter>
    <Filter Include="Utilities\Header">
      <UniqueIdentifier>{f03041c2-b343-4042-aef0-85a8bd1d1862}</UniqueIdentifier>
    </Filter>
  </ItemGroup>
  <ItemGroup>
    <Text Include="englishdictionary.txt" />
  </ItemGroup>
  <ItemGroup>
    <ClCompile Include="Main.cpp">
      <Filter>Source</Filter>
    </ClCompile>
    <ClCompile Include="Consoles\App.cpp">
      <Filter>Consoles</Filter>
    </ClCompile>
    <ClCompile Include="Consoles\GematriaFileScanner.cpp">
      <Filter>Consoles</Filter>
    </ClCompile>
    <ClCompile Include="Consoles\GematriaTracker.cpp">
      <Filter>Consoles</Filter>
    </ClCompile>
    <ClCompile Include="Utilities\ClearScreen.cpp">
      <Filter>Utilities</Filter>
    </ClCompile>
    <ClCompile Include="Utilities\EnglishDictionary.cpp">
      <Filter>Utilities</Filter>
    </ClCompile>
    <ClCompile Include="Utilities\Utils.cpp">
      <Filter>Utilities</Filter>
    </ClCompile>
    <ClCompile Include="Utilities\WordReader.cpp">
      <Filter>Utilities</Filter>
    </ClCompile>
  </ItemGroup>
  <ItemGroup>
    <ClInclude Include="System\BuildConfig.h">
      <Filter>System</Filter>
    </ClInclude>
    <ClInclude Include="Utilities\Utils.h">
      <Filter>Utilities</Filter>
    </ClInclude>
    <ClInclude Include="Consoles\App.h">
      <Filter>Consoles\Header</Filter>
    </ClInclude>
    <ClInclude Include="Consoles\BasicConsole.h">
      <Filter>Consoles\Header</Filter>
    </ClInclude>
    <ClInclude Include="Consoles\GematriaFileScanner.h">
      <Filter>Consoles\Header</Filter>
    </ClInclude>
    <ClInclude Include="Consoles\GematriaTracker.h">
      <Filter>Consoles\Header</Filter>
    </ClInclude>
    <ClInclude Include="Utilities\ClearScreen.h">
      <Filter>Utilities\Header</Filter>
    </ClInclude>
    <ClInclude Include="Utilities\EnglishDictionary.h">
      <Filter>Utilities\Header</Filter>
    </ClInclude>
    <ClInclude Include="Utilities\WordReader.h">
      <Filter>Utilities\Header</Filter>
    </ClInclude>
  </ItemGroup>
</Project>